
Microsoft Visual Studio Solution File, Format Version 12.00
# Visual Studio Version 16
VisualStudioVersion = 16.0.31729.503
MinimumVisualStudioVersion = 10.0.40219.1
Project("{FAE04EC0-301F-11D3-BF4B-00C04F79EFBC}") = "LeapCSharp", "LeapCSharp\LeapCSharp.csproj", "{CEA128D3-8F61-42AF-B022-4353A3B5905C}"
EndProject
Global
	GlobalSection(SolutionConfigurationPlatforms) = preSolution
		Debug|Any CPU = Debug|Any CPU
		Debug|x64 = Debug|x64
		Release|Any CPU = Release|Any CPU
		Release|x64 = Release|x64
	EndGlobalSection
	GlobalSection(ProjectConfigurationPlatforms) = postSolution
		{CEA128D3-8F61-42AF-B022-4353A3B5905C}.Debug|Any CPU.ActiveCfg = Debug|Any CPU
		{CEA128D3-8F61-42AF-B022-4353A3B5905C}.Debug|Any CPU.Build.0 = Debug|Any CPU
		{CEA128D3-8F61-42AF-B022-4353A3B5905C}.Debug|x64.ActiveCfg = Debug|x64
		{CEA128D3-8F61-42AF-B022-4353A3B5905C}.Debug|x64.Build.0 = Debug|x64
		{CEA128D3-8F61-42AF-B022-4353A3B5905C}.Release|Any CPU.ActiveCfg = Release|Any CPU
		{CEA128D3-8F61-42AF-B022-4353A3B5905C}.Release|Any CPU.Build.0 = Release|Any CPU
		{CEA128D3-8F61-42AF-B022-4353A3B5905C}.Release|x64.ActiveCfg = Release|x64
		{CEA128D3-8F61-42AF-B022-4353A3B5905C}.Release|x64.Build.0 = Release|x64
	EndGlobalSection
	GlobalSection(SolutionProperties) = preSolution
		HideSolutionNode = FALSE
	EndGlobalSection
	GlobalSection(ExtensibilityGlobals) = postSolution
		SolutionGuid = {962C42E1-F095-495A-9947-24D8C26DFBC5}
	EndGlobalSection
EndGlobal
